
Microsoft Visual Studio Solution File, Format Version 12.00
# Visual Studio Version 17
VisualStudioVersion = 17.1.32414.318
MinimumVisualStudioVersion = 10.0.40219.1
Project("{FAE04EC0-301F-11D3-BF4B-00C04F79EFBC}") = "CalculatorService", "CalculatorService\CalculatorService.csproj", "{26C07A9B-D680-4D2E-8595-0DD1DAA473B2}"
EndProject
Project("{FAE04EC0-301F-11D3-BF4B-00C04F79EFBC}") = "CalculatorServiceTest", "CalculatorServiceTest\CalculatorServiceTest.csproj", "{E64E35FA-C7A8-450B-B174-6AB50E8F101B}"
EndProject
Global
	GlobalSection(SolutionConfigurationPlatforms) = preSolution
		Debug|Any CPU = Debug|Any CPU
		Release|Any CPU = Release|Any CPU
	EndGlobalSection
	GlobalSection(ProjectConfigurationPlatforms) = postSolution
		{26C07A9B-D680-4D2E-8595-0DD1DAA473B2}.Debug|Any CPU.ActiveCfg = Debug|Any CPU
		{26C07A9B-D680-4D2E-8595-0DD1DAA473B2}.Debug|Any CPU.Build.0 = Debug|Any CPU
		{26C07A9B-D680-4D2E-8595-0DD1DAA473B2}.Release|Any CPU.ActiveCfg = Release|Any CPU
		{26C07A9B-D680-4D2E-8595-0DD1DAA473B2}.Release|Any CPU.Build.0 = Release|Any CPU
		{E64E35FA-C7A8-450B-B174-6AB50E8F101B}.Debug|Any CPU.ActiveCfg = Debug|Any CPU
		{E64E35FA-C7A8-450B-B174-6AB50E8F101B}.Debug|Any CPU.Build.0 = Debug|Any CPU
		{E64E35FA-C7A8-450B-B174-6AB50E8F101B}.Release|Any CPU.ActiveCfg = Release|Any CPU
		{E64E35FA-C7A8-450B-B174-6AB50E8F101B}.Release|Any CPU.Build.0 = Release|Any CPU
	EndGlobalSection
	GlobalSection(SolutionProperties) = preSolution
		HideSolutionNode = FALSE
	EndGlobalSection
	GlobalSection(ExtensibilityGlobals) = postSolution
		SolutionGuid = {F6A5238A-5FDC-4A72-96D1-73E72E6C7C47}
	EndGlobalSection
EndGlobal
